
Microsoft Visual Studio Solution File, Format Version 12.00
# Visual Studio 2013
VisualStudioVersion = 12.0.21005.1
MinimumVisualStudioVersion = 10.0.40219.1
Project("{FAE04EC0-301F-11D3-BF4B-00C04F79EFBC}") = "CAPADATOSHOSPITAL", "CapaDatos\CAPADATOSHOSPITAL.csproj", "{E7C09B5E-DE52-452E-87D5-7BF97AF64025}"
EndProject
Project("{FAE04EC0-301F-11D3-BF4B-00C04F79EFBC}") = "CAPANEGOCIOS", "capaNegocio\CAPANEGOCIOS.csproj", "{1715CCAA-95A3-4B9C-8BE5-9E072B7416ED}"
EndProject
Project("{FAE04EC0-301F-11D3-BF4B-00C04F79EFBC}") = "PRESENTACION", "CapaPresentacion\PRESENTACION.csproj", "{8FD577CB-53C2-4652-BA4C-57F606B136C3}"
EndProject
Global
	GlobalSection(SolutionConfigurationPlatforms) = preSolution
		Debug|Any CPU = Debug|Any CPU
		Release|Any CPU = Release|Any CPU
	EndGlobalSection
	GlobalSection(ProjectConfigurationPlatforms) = postSolution
		{E7C09B5E-DE52-452E-87D5-7BF97AF64025}.Debug|Any CPU.ActiveCfg = Debug|Any CPU
		{E7C09B5E-DE52-452E-87D5-7BF97AF64025}.Debug|Any CPU.Build.0 = Debug|Any CPU
		{E7C09B5E-DE52-452E-87D5-7BF97AF64025}.Release|Any CPU.ActiveCfg = Release|Any CPU
		{E7C09B5E-DE52-452E-87D5-7BF97AF64025}.Release|Any CPU.Build.0 = Release|Any CPU
		{1715CCAA-95A3-4B9C-8BE5-9E072B7416ED}.Debug|Any CPU.ActiveCfg = Debug|Any CPU
		{1715CCAA-95A3-4B9C-8BE5-9E072B7416ED}.Debug|Any CPU.Build.0 = Debug|Any CPU
		{1715CCAA-95A3-4B9C-8BE5-9E072B7416ED}.Release|Any CPU.ActiveCfg = Release|Any CPU
		{1715CCAA-95A3-4B9C-8BE5-9E072B7416ED}.Release|Any CPU.Build.0 = Release|Any CPU
		{8FD577CB-53C2-4652-BA4C-57F606B136C3}.Debug|Any CPU.ActiveCfg = Debug|Any CPU
		{8FD577CB-53C2-4652-BA4C-57F606B136C3}.Debug|Any CPU.Build.0 = Debug|Any CPU
		{8FD577CB-53C2-4652-BA4C-57F606B136C3}.Release|Any CPU.ActiveCfg = Release|Any CPU
		{8FD577CB-53C2-4652-BA4C-57F606B136C3}.Release|Any CPU.Build.0 = Release|Any CPU
	EndGlobalSection
	GlobalSection(SolutionProperties) = preSolution
		HideSolutionNode = FALSE
	EndGlobalSection
EndGlobal
